
Microsoft Visual Studio Solution File, Format Version 12.00
# Visual Studio 15
VisualStudioVersion = 15.0.28307.329
MinimumVisualStudioVersion = 10.0.40219.1
Project("{FAE04EC0-301F-11D3-BF4B-00C04F79EFBC}") = "PracticeEnvironment", "PracticeEnvironment\PracticeEnvironment.csproj", "{91513D57-A4C7-4E8B-A399-274784E03E7D}"
EndProject
Project("{FAE04EC0-301F-11D3-BF4B-00C04F79EFBC}") = "PracticeEnvironmentTests", "PracticeEnvironmentTests.cs\PracticeEnvironmentTests.csproj", "{D8F34048-5F49-48C9-A9BE-C4058B0C0EAB}"
EndProject
Global
	GlobalSection(SolutionConfigurationPlatforms) = preSolution
		Debug|Any CPU = Debug|Any CPU
		Release|Any CPU = Release|Any CPU
	EndGlobalSection
	GlobalSection(ProjectConfigurationPlatforms) = postSolution
		{91513D57-A4C7-4E8B-A399-274784E03E7D}.Debug|Any CPU.ActiveCfg = Debug|Any CPU
		{91513D57-A4C7-4E8B-A399-274784E03E7D}.Debug|Any CPU.Build.0 = Debug|Any CPU
		{91513D57-A4C7-4E8B-A399-274784E03E7D}.Release|Any CPU.ActiveCfg = Release|Any CPU
		{91513D57-A4C7-4E8B-A399-274784E03E7D}.Release|Any CPU.Build.0 = Release|Any CPU
		{D8F34048-5F49-48C9-A9BE-C4058B0C0EAB}.Debug|Any CPU.ActiveCfg = Debug|Any CPU
		{D8F34048-5F49-48C9-A9BE-C4058B0C0EAB}.Debug|Any CPU.Build.0 = Debug|Any CPU
		{D8F34048-5F49-48C9-A9BE-C4058B0C0EAB}.Release|Any CPU.ActiveCfg = Release|Any CPU
		{D8F34048-5F49-48C9-A9BE-C4058B0C0EAB}.Release|Any CPU.Build.0 = Release|Any CPU
	EndGlobalSection
	GlobalSection(SolutionProperties) = preSolution
		HideSolutionNode = FALSE
	EndGlobalSection
	GlobalSection(ExtensibilityGlobals) = postSolution
		SolutionGuid = {179E4B35-D5D5-4A8A-9219-B77E24E0BDC2}
	EndGlobalSection
EndGlobal
